
Microsoft Visual Studio Solution File, Format Version 12.00
# Visual Studio Version 17
VisualStudioVersion = 17.6.33829.357
MinimumVisualStudioVersion = 10.0.40219.1
Project("{9A19103F-16F7-4668-BE54-9A1E7A4F7556}") = "ListBoxKeyboardNavigationContinueIssue", "ListBoxKeyboardNavigationContinueIssue\ListBoxKeyboardNavigationContinueIssue.csproj", "{BD8D870B-6895-467A-BDE1-296F582384CE}"
EndProject
Project("{9A19103F-16F7-4668-BE54-9A1E7A4F7556}") = "ListBoxKeyboardNavigationContinueIssue.Desktop", "ListBoxKeyboardNavigationContinueIssue.Desktop\ListBoxKeyboardNavigationContinueIssue.Desktop.csproj", "{F897748E-C8FA-47E2-BB49-1E3F3B833E89}"
EndProject
Global
	GlobalSection(SolutionConfigurationPlatforms) = preSolution
		Debug|Any CPU = Debug|Any CPU
		Release|Any CPU = Release|Any CPU
	EndGlobalSection
	GlobalSection(ProjectConfigurationPlatforms) = postSolution
		{BD8D870B-6895-467A-BDE1-296F582384CE}.Debug|Any CPU.ActiveCfg = Debug|Any CPU
		{BD8D870B-6895-467A-BDE1-296F582384CE}.Debug|Any CPU.Build.0 = Debug|Any CPU
		{BD8D870B-6895-467A-BDE1-296F582384CE}.Release|Any CPU.ActiveCfg = Release|Any CPU
		{BD8D870B-6895-467A-BDE1-296F582384CE}.Release|Any CPU.Build.0 = Release|Any CPU
		{F897748E-C8FA-47E2-BB49-1E3F3B833E89}.Debug|Any CPU.ActiveCfg = Debug|Any CPU
		{F897748E-C8FA-47E2-BB49-1E3F3B833E89}.Debug|Any CPU.Build.0 = Debug|Any CPU
		{F897748E-C8FA-47E2-BB49-1E3F3B833E89}.Release|Any CPU.ActiveCfg = Release|Any CPU
		{F897748E-C8FA-47E2-BB49-1E3F3B833E89}.Release|Any CPU.Build.0 = Release|Any CPU
	EndGlobalSection
	GlobalSection(SolutionProperties) = preSolution
		HideSolutionNode = FALSE
	EndGlobalSection
	GlobalSection(ExtensibilityGlobals) = postSolution
		SolutionGuid = {73BF39FA-E5E9-4447-AEB0-E375D73B6DF2}
	EndGlobalSection
EndGlobal
